<Solution>
  <Folder Name="/Demo/">
    <Project Path="PdfPixel.Demo.Console/PdfPixel.Demo.Console.csproj" />
    <Project Path="PdfPixel.Demo.Web/PdfPixel.Demo.Web.csproj" />
    <Project Path="PdfPixel.Demo.Wpf/PdfPixel.Demo.Wpf.csproj" />
  </Folder>
  <Folder Name="/Images/">
    <Project Path="PdfPixel.Ccitt/PdfPixel.Ccitt.csproj" Id="91aaa973-caea-451b-a4fb-bc63b3fa5e6a" />
    <Project Path="PdfPixel.Jbig2/PdfPixel.Jbig2.csproj" Id="f3d6c410-1d6f-4ece-8688-f4f76caff720" />
    <Project Path="PdfPixel.Jpg.Test/PdfPixel.Jpg.Test.csproj" Id="c79a0855-2a3c-4e8f-a20a-21b8556c1ff0" />
    <Project Path="PdfPixel.Jpg/PdfPixel.Jpg.csproj" Id="04b48238-6889-4836-bbc7-948365e215af" />
    <Project Path="PdfPixel.Jpx/PdfPixel.Jpx.csproj" Id="f60689a2-d290-4f4b-a97c-18de0a8a9307" />
  </Folder>
  <Folder Name="/Panel/">
    <Project Path="PdfPixel.PdfPanel.Web/PdfPixel.PdfPanel.Web.csproj" />
    <Project Path="PdfPixel.PdfPanel.Wpf/PdfPixel.PdfPanel.Wpf.csproj" />
    <Project Path="PdfPixel.PdfPanel/PdfPixel.PdfPanel.csproj" />
  </Folder>
  <Folder Name="/Solution Items/">
    <File Path=".editorconfig" />
    <File Path="docs/getting-started.md" />
    <File Path="LICENSE" />
    <File Path="NOTICE" />
    <File Path="README.md" />
    <File Path="Version.txt" />
  </Folder>
  <Folder Name="/Tools/">
    <Project Path="PdfPixel.Diagnostics/PdfPixel.Diagnostics.csproj" />
    <Project Path="PdfPixel.ResourceGenerator/PdfPixel.ResourceGenerator.csproj" />
  </Folder>
  <Project Path="PdfPixel.Benchmarks/PdfPixel.Benchmarks.csproj" />
  <Project Path="PdfPixel.Color/PdfPixel.Color.csproj" Id="41c01fd9-9377-4bd4-9b28-706f90a00866" />
  <Project Path="PdfPixel.PostScript/PdfPixel.PostScript.csproj" Id="5444fd7c-9556-46f9-9896-83201be4be39" />
  <Project Path="PdfPixel.StrokeOutlineLab/PdfPixel.StrokeOutlineLab.csproj" />
  <Project Path="PdfPixel.Tests/PdfPixel.Tests.csproj" />
  <Project Path="PdfPixel/PdfPixel.csproj" />
</Solution>
